
Microsoft Visual Studio Solution File, Format Version 12.00
# Visual Studio Version 17
VisualStudioVersion = 17.8.34330.188
MinimumVisualStudioVersion = 10.0.40219.1
Project("{FAE04EC0-301F-11D3-BF4B-00C04F79EFBC}") = "WindowsFormsApp1", "WindowsFormsApp1.csproj", "{EAECD59D-0C55-4681-AD25-4C29C50E15F5}"
EndProject
Global
	GlobalSection(SolutionConfigurationPlatforms) = preSolution
		Debug|Any CPU = Debug|Any CPU
		Release|Any CPU = Release|Any CPU
	EndGlobalSection
	GlobalSection(ProjectConfigurationPlatforms) = postSolution
		{EAECD59D-0C55-4681-AD25-4C29C50E15F5}.Debug|Any CPU.ActiveCfg = Debug|Any CPU
		{EAECD59D-0C55-4681-AD25-4C29C50E15F5}.Debug|Any CPU.Build.0 = Debug|Any CPU
		{EAECD59D-0C55-4681-AD25-4C29C50E15F5}.Release|Any CPU.ActiveCfg = Release|Any CPU
		{EAECD59D-0C55-4681-AD25-4C29C50E15F5}.Release|Any CPU.Build.0 = Release|Any CPU
	EndGlobalSection
	GlobalSection(SolutionProperties) = preSolution
		HideSolutionNode = FALSE
	EndGlobalSection
	GlobalSection(ExtensibilityGlobals) = postSolution
		SolutionGuid = {0E0E766C-51B4-47F5-9DB3-FD827459AE0B}
	EndGlobalSection
EndGlobal
